
Microsoft Visual Studio Solution File, Format Version 12.00
# Visual Studio Version 17
VisualStudioVersion = 17.14.36414.22 d17.14
MinimumVisualStudioVersion = 10.0.40219.1
Project("{FAE04EC0-301F-11D3-BF4B-00C04F79EFBC}") = "SimulationElevators", "SimulationElevators\SimulationElevators.csproj", "{29DF83F4-FC09-455B-8B38-719EDD834FF3}"
EndProject
Project("{2150E333-8FDC-42A3-9474-1A3956D46DE8}") = "Tests", "Tests", "{02EA681E-C7D8-13C7-8484-4AC65E1B71E8}"
EndProject
Project("{FAE04EC0-301F-11D3-BF4B-00C04F79EFBC}") = "UnitTests", "UnitTests\UnitTests.csproj", "{6E2561A6-A9A0-8B76-749F-D9DB18D15A3F}"
EndProject
Project("{FAE04EC0-301F-11D3-BF4B-00C04F79EFBC}") = "Entities", "Entities\Entities.csproj", "{95DE3BD9-A587-35A9-17E0-3C34D2A57441}"
EndProject
Project("{FAE04EC0-301F-11D3-BF4B-00C04F79EFBC}") = "Models", "Models\Models.csproj", "{262C6A48-AE34-D77E-44A9-AF0CD30983F0}"
EndProject
Global
	GlobalSection(SolutionConfigurationPlatforms) = preSolution
		Debug|Any CPU = Debug|Any CPU
		Release|Any CPU = Release|Any CPU
	EndGlobalSection
	GlobalSection(ProjectConfigurationPlatforms) = postSolution
		{29DF83F4-FC09-455B-8B38-719EDD834FF3}.Debug|Any CPU.ActiveCfg = Debug|Any CPU
		{29DF83F4-FC09-455B-8B38-719EDD834FF3}.Debug|Any CPU.Build.0 = Debug|Any CPU
		{29DF83F4-FC09-455B-8B38-719EDD834FF3}.Release|Any CPU.ActiveCfg = Release|Any CPU
		{29DF83F4-FC09-455B-8B38-719EDD834FF3}.Release|Any CPU.Build.0 = Release|Any CPU
		{6E2561A6-A9A0-8B76-749F-D9DB18D15A3F}.Debug|Any CPU.ActiveCfg = Debug|Any CPU
		{6E2561A6-A9A0-8B76-749F-D9DB18D15A3F}.Debug|Any CPU.Build.0 = Debug|Any CPU
		{6E2561A6-A9A0-8B76-749F-D9DB18D15A3F}.Release|Any CPU.ActiveCfg = Release|Any CPU
		{6E2561A6-A9A0-8B76-749F-D9DB18D15A3F}.Release|Any CPU.Build.0 = Release|Any CPU
		{95DE3BD9-A587-35A9-17E0-3C34D2A57441}.Debug|Any CPU.ActiveCfg = Debug|Any CPU
		{95DE3BD9-A587-35A9-17E0-3C34D2A57441}.Debug|Any CPU.Build.0 = Debug|Any CPU
		{95DE3BD9-A587-35A9-17E0-3C34D2A57441}.Release|Any CPU.ActiveCfg = Release|Any CPU
		{95DE3BD9-A587-35A9-17E0-3C34D2A57441}.Release|Any CPU.Build.0 = Release|Any CPU
		{262C6A48-AE34-D77E-44A9-AF0CD30983F0}.Debug|Any CPU.ActiveCfg = Debug|Any CPU
		{262C6A48-AE34-D77E-44A9-AF0CD30983F0}.Debug|Any CPU.Build.0 = Debug|Any CPU
		{262C6A48-AE34-D77E-44A9-AF0CD30983F0}.Release|Any CPU.ActiveCfg = Release|Any CPU
		{262C6A48-AE34-D77E-44A9-AF0CD30983F0}.Release|Any CPU.Build.0 = Release|Any CPU
	EndGlobalSection
	GlobalSection(SolutionProperties) = preSolution
		HideSolutionNode = FALSE
	EndGlobalSection
	GlobalSection(NestedProjects) = preSolution
		{6E2561A6-A9A0-8B76-749F-D9DB18D15A3F} = {02EA681E-C7D8-13C7-8484-4AC65E1B71E8}
	EndGlobalSection
	GlobalSection(ExtensibilityGlobals) = postSolution
		SolutionGuid = {73422BE5-7035-401F-A108-74D3657C1147}
	EndGlobalSection
EndGlobal
